
Microsoft Visual Studio Solution File, Format Version 12.00
# Visual Studio Version 17
VisualStudioVersion = 17.1.32328.378
MinimumVisualStudioVersion = 10.0.40219.1
Project("{FAE04EC0-301F-11D3-BF4B-00C04F79EFBC}") = "ControleFuncionarios", "ControleFuncionarios\ControleFuncionarios.csproj", "{2141E948-2E8A-4176-B64C-1B9EC6235382}"
EndProject
Global
	GlobalSection(SolutionConfigurationPlatforms) = preSolution
		Debug|Any CPU = Debug|Any CPU
		Release|Any CPU = Release|Any CPU
	EndGlobalSection
	GlobalSection(ProjectConfigurationPlatforms) = postSolution
		{2141E948-2E8A-4176-B64C-1B9EC6235382}.Debug|Any CPU.ActiveCfg = Debug|Any CPU
		{2141E948-2E8A-4176-B64C-1B9EC6235382}.Debug|Any CPU.Build.0 = Debug|Any CPU
		{2141E948-2E8A-4176-B64C-1B9EC6235382}.Release|Any CPU.ActiveCfg = Release|Any CPU
		{2141E948-2E8A-4176-B64C-1B9EC6235382}.Release|Any CPU.Build.0 = Release|Any CPU
	EndGlobalSection
	GlobalSection(SolutionProperties) = preSolution
		HideSolutionNode = FALSE
	EndGlobalSection
	GlobalSection(ExtensibilityGlobals) = postSolution
		SolutionGuid = {56AE5DD3-3AF1-4580-A336-708FD48159A7}
	EndGlobalSection
EndGlobal
